{
  "originHash" : "8b8b0c41454588d3368c008942bcac2407b4b89b3832d6c8366ac8b81958ba26",
  "pins" : [
    {
      "identity" : "swiftlintplugins",
      "kind" : "remoteSourceControl",
      "location" : "https://github.com/SimplyDanny/SwiftLintPlugins",
      "state" : {
        "revision" : "707f7face5524fe918f82dd39c5c80cb3e591a44",
        "version" : "0.63.0"
      }
    }
  ],
  "version" : 3
}
